{
    "_meta": {
        "hash": {
            "sha256": "03b74013c91d1c8171219a26d2fd43eed4439c97cbbbfba163553735d1e29a50"
        },
        "pipfile-spec": 6,
        "requires": {
            "Flask": "2.2.2",
            "Flask-SQLAlchemy": "3.0.2",
            "flask_swagger": "0.2.14",
            "python_full_version": "3.11.6",
            "python_version": "3.11"
        },
        "sources": [
            {
                "name": "pypi",
                "url": "https://pypi.org/simple",
                "verify_ssl": true
            }
        ]
    },
    "default": {},
    "develop": {}
}
